
Microsoft Visual Studio Solution File, Format Version 12.00
# Visual Studio Version 17
VisualStudioVersion = 17.5.33627.172
MinimumVisualStudioVersion = 10.0.40219.1
Project("{FAE04EC0-301F-11D3-BF4B-00C04F79EFBC}") = "exercise-3", "exercise-3\exercise-3.csproj", "{FF3467CF-A6F1-4F65-81CB-4B9992828551}"
EndProject
Global
	GlobalSection(SolutionConfigurationPlatforms) = preSolution
		Debug|Any CPU = Debug|Any CPU
		Release|Any CPU = Release|Any CPU
	EndGlobalSection
	GlobalSection(ProjectConfigurationPlatforms) = postSolution
		{FF3467CF-A6F1-4F65-81CB-4B9992828551}.Debug|Any CPU.ActiveCfg = Debug|Any CPU
		{FF3467CF-A6F1-4F65-81CB-4B9992828551}.Debug|Any CPU.Build.0 = Debug|Any CPU
		{FF3467CF-A6F1-4F65-81CB-4B9992828551}.Release|Any CPU.ActiveCfg = Release|Any CPU
		{FF3467CF-A6F1-4F65-81CB-4B9992828551}.Release|Any CPU.Build.0 = Release|Any CPU
	EndGlobalSection
	GlobalSection(SolutionProperties) = preSolution
		HideSolutionNode = FALSE
	EndGlobalSection
	GlobalSection(ExtensibilityGlobals) = postSolution
		SolutionGuid = {97660178-4CD9-49AA-8A32-4413780E6498}
	EndGlobalSection
EndGlobal
